%{"bristow": {:hex, :bristow, "0.1.1", "1f9c1d6f0368e23e34b67908f5578beb3faed9668de8f86bfe4e4047d1f59a86", [:rebar3, :mix, :make], []},
  "bucs": {:hex, :bucs, "1.0.0", "851b1530f29c9a793f336d47d95967cd77388ed414d71e3c0babd9253ba6ae3b", [:rebar3, :mix, :make], []},
  "doteki": {:hex, :doteki, "1.0.0", "52cfb4e8d92e85464c4434131215fa27d8b13c992ae3fba572c2478ed55d68a2", [:rebar3, :mix, :make], [{:bucs, "~> 1.0.0", [hex: :bucs, optional: false]}]},
  "goldrush": {:hex, :goldrush, "0.1.8", "2024ba375ceea47e27ea70e14d2c483b2d8610101b4e852ef7f89163cdb6e649", [:rebar3], []},
  "jsx": {:hex, :jsx, "2.8.0", "749bec6d205c694ae1786d62cea6cc45a390437e24835fd16d12d74f07097727", [:mix, :rebar], []},
  "kafe": {:hex, :kafe, "2.0.0", "694411a73b09885c827e2e035624a92d735c0ceadef2d62efb5af006f7c92f0b", [:rebar3, :mix, :make], [{:bristow, "~> 0.1.1", [hex: :bristow, optional: false]}, {:bucs, "~> 1.0.0", [hex: :bucs, optional: false]}, {:doteki, "~> 1.0.0", [hex: :doteki, optional: false]}, {:lager, "~> 3.2.0", [hex: :lager, optional: false]}, {:metrics, "~> 2.2.0", [hex: :metrics, optional: false]}, {:poolgirl, "~> 1.0.1", [hex: :poolgirl, optional: false]}]},
  "lager": {:hex, :lager, "3.2.1", "eef4e18b39e4195d37606d9088ea05bf1b745986cf8ec84f01d332456fe88d17", [:rebar3], [{:goldrush, "0.1.8", [hex: :goldrush, optional: false]}]},
  "lager_json_formatter": {:hex, :lager_json_formatter, "0.1.1", "5c708f540f23774bda3f7b3d41d6f1ff17232d9178a85304d7974c152b758bdf", [:rebar3, :mix, :make], [{:jsx, "~> 2.8.0", [hex: :jsx, optional: false]}, {:lager, "~> 3.2.0", [hex: :lager, optional: false]}]},
  "metrics": {:hex, :metrics, "2.2.0", "709b45a275fde02c9f2950ceab38b29b46d05687de33299e02c03a71be336545", [:rebar3], []},
  "poolgirl": {:hex, :poolgirl, "1.0.1", "fac9e77a4084382977728191338e2958f942560ef2de3f158910db6de49486cb", [:rebar3, :mix, :make], [{:doteki, "~> 1.0.0", [hex: :doteki, optional: false]}]},
  "uuid": {:git, "https://github.com/botsunit/erlang-uuid.git", "582cab69bdff5c56ca3907226ed7dca8663b5701", [tag: "0.6.0"]}}
