[{<<"bristow">>,{pkg,<<"bristow">>,<<"0.1.0">>},1},
 {<<"bucs">>,{pkg,<<"bucs">>,<<"0.1.7">>},0},
 {<<"doteki">>,{pkg,<<"doteki">>,<<"0.1.10">>},0},
 {<<"goldrush">>,{pkg,<<"goldrush">>,<<"0.1.8">>},1},
 {<<"jsx">>,{pkg,<<"jsx">>,<<"2.6.2">>},1},
 {<<"kafe">>,{pkg,<<"kafe">>,<<"1.6.0">>},0},
 {<<"lager">>,{pkg,<<"lager">>,<<"3.2.1">>},0},
 {<<"lager_json_formatter">>,
  {git,"https://github.com/botsunit/lager_json_formatter.git",
       {ref,"7c33a2eac60edf8558b131476f90f9661b018c16"}},
  0},
 {<<"pipette">>,
  {git,"git@gitlab.botsunit.com:msaas/pipette.git",
       {ref,"b01cf92b6a74716ebfe6f747c83f44789f52b9c2"}},
  0},
 {<<"poolgirl">>,{pkg,<<"poolgirl">>,<<"0.1.1">>},1},
 {<<"uuid">>,
  {git,"https://github.com/botsunit/erlang-uuid.git",
       {ref,"5c83fbdd3b6ef8e2d1e2764c053bf9eab9d94173"}},
  0},
 {<<"wok_message_handler">>,
  {git,"git@gitlab.botsunit.com:msaas/wok_message_handler.git",
       {ref,"5126cd53d1e91475e169e688f01239e08f973674"}},
  0}].
