[{<<"bristow">>,{pkg,<<"bristow">>,<<"0.1.0">>},1},
 {<<"bucs">>,{pkg,<<"bucs">>,<<"0.1.7">>},0},
 {<<"cowboy">>,
  {git,"https://github.com/ninenines/cowboy.git",
       {ref,"dbb636034f20736e16eb9d6c809217c9525b6cbd"}},
  0},
 {<<"cowboy_default_static_file">>,
  {git,"https://github.com/botsunit/cowboy_default_static_file.git",
       {ref,"6f3a5e7e2b1e40778b2a17e47b3d11720de43a20"}},
  0},
 {<<"cowlib">>,
  {git,"https://github.com/ninenines/cowlib",
       {ref,"8cf98c9f3d1292c1b08fca5ca99772ae912eaa86"}},
  1},
 {<<"doteki">>,{pkg,<<"doteki">>,<<"0.1.10">>},0},
 {<<"goldrush">>,{pkg,<<"goldrush">>,<<"0.1.8">>},1},
 {<<"jsx">>,{pkg,<<"jsx">>,<<"2.8.0">>},1},
 {<<"kafe">>,{pkg,<<"kafe">>,<<"1.6.0">>},0},
 {<<"lager">>,{pkg,<<"lager">>,<<"3.2.1">>},0},
 {<<"lager_json_formatter">>,{pkg,<<"lager_json_formatter">>,<<"0.0.4">>},0},
 {<<"pipette">>,
  {git,"git@gitlab.botsunit.com:msaas/pipette.git",
       {ref,"b01cf92b6a74716ebfe6f747c83f44789f52b9c2"}},
  0},
 {<<"poolgirl">>,{pkg,<<"poolgirl">>,<<"0.1.1">>},1},
 {<<"ranch">>,
  {git,"https://github.com/ninenines/ranch",
       {ref,"741bfb73ca663394ecf7a73410506d66f01985a6"}},
  1},
 {<<"tempfile">>,
  {git,"https://github.com/botsunit/tempfile.git",
       {ref,"2e52dccc34c41adc5ec93e5ef3571e0f9f0f5c16"}},
  0},
 {<<"uuid">>,
  {git,"https://github.com/botsunit/erlang-uuid.git",
       {ref,"5c83fbdd3b6ef8e2d1e2764c053bf9eab9d94173"}},
  0},
 {<<"wok_http_adapter">>,
  {git,"git@gitlab.botsunit.com:msaas/wok_http_adapter.git",
       {ref,"1bb12ea5a3a60c9357903b1299ff3523817d8586"}},
  0},
 {<<"wok_message_handler">>,
  {git,"git@gitlab.botsunit.com:msaas/wok_message_handler.git",
       {ref,"5126cd53d1e91475e169e688f01239e08f973674"}},
  0}].
